Microsoft Visual Studio Solution File, Format Version 8.00
Project("{8BC9CEB8-8B4A-11D0-8D11-00A0C91BC942}") = "PMS", "PMS.vcproj", "{245097AC-B868-4BC6-A307-646C2EB9CC04}"
	ProjectSection(ProjectDependencies) = postProject
	EndProjectSection
EndProject
Global
	GlobalSection(SolutionConfiguration) = preSolution
		Debug = Debug
		Release = Release
	EndGlobalSection
	GlobalSection(ProjectConfiguration) = postSolution
		{245097AC-B868-4BC6-A307-646C2EB9CC04}.Debug.ActiveCfg = Debug|Win32
		{245097AC-B868-4BC6-A307-646C2EB9CC04}.Debug.Build.0 = Debug|Win32
		{245097AC-B868-4BC6-A307-646C2EB9CC04}.Release.ActiveCfg = Release|Win32
		{245097AC-B868-4BC6-A307-646C2EB9CC04}.Release.Build.0 = Release|Win32
	EndGlobalSection
	GlobalSection(ExtensibilityGlobals) = postSolution
	EndGlobalSection
	GlobalSection(ExtensibilityAddIns) = postSolution
	EndGlobalSection
EndGlobal
